// !$*UTF8*$!
{
	archiveVersion = 1;
	classes = {
	};
	objectVersion = 56;
	objects = {

/* Begin PBXBuildFile section */
		77E1F6E72BE4E09E001A4D85 /* AppDelegate.swift in Sources */ = {isa = PBXBuildFile; fileRef = 77E1F6E62BE4E09E001A4D85 /* AppDelegate.swift */; };
		77E1F6E92BE4E09E001A4D85 /* SceneDelegate.swift in Sources */ = {isa = PBXBuildFile; fileRef = 77E1F6E82BE4E09E001A4D85 /* SceneDelegate.swift */; };
		77E1F6EB2BE4E09E001A4D85 /* MainViewController.swift in Sources */ = {isa = PBXBuildFile; fileRef = 77E1F6EA2BE4E09E001A4D85 /* MainViewController.swift */; };
		77E1F6F02BE4E09F001A4D85 /* Assets.xcassets in Resources */ = {isa = PBXBuildFile; fileRef = 77E1F6EF2BE4E09F001A4D85 /* Assets.xcassets */; };
		77E1F6F32BE4E09F001A4D85 /* LaunchScreen.storyboard in Resources */ = {isa = PBXBuildFile; fileRef = 77E1F6F12BE4E09F001A4D85 /* LaunchScreen.storyboard */; };
		77E1F6FE2BE4E09F001A4D85 /* CA_TrialTests.swift in Sources */ = {isa = PBXBuildFile; fileRef = 77E1F6FD2BE4E09F001A4D85 /* CA_TrialTests.swift */; };
		77E1F7082BE4E09F001A4D85 /* CA_TrialUITests.swift in Sources */ = {isa = PBXBuildFile; fileRef = 77E1F7072BE4E09F001A4D85 /* CA_TrialUITests.swift */; };
		77E1F70A2BE4E09F001A4D85 /* CA_TrialUITestsLaunchTests.swift in Sources */ = {isa = PBXBuildFile; fileRef = 77E1F7092BE4E09F001A4D85 /* CA_TrialUITestsLaunchTests.swift */; };
		77E1F71D2BE4E28A001A4D85 /* SnapKit in Frameworks */ = {isa = PBXBuildFile; productRef = 77E1F71C2BE4E28A001A4D85 /* SnapKit */; };
		77E1F7202BE4E2A2001A4D85 /* RxCocoa in Frameworks */ = {isa = PBXBuildFile; productRef = 77E1F71F2BE4E2A2001A4D85 /* RxCocoa */; };
		77E1F7222BE4E2A2001A4D85 /* RxRelay in Frameworks */ = {isa = PBXBuildFile; productRef = 77E1F7212BE4E2A2001A4D85 /* RxRelay */; };
		77E1F7242BE4E2A2001A4D85 /* RxSwift in Frameworks */ = {isa = PBXBuildFile; productRef = 77E1F7232BE4E2A2001A4D85 /* RxSwift */; };
		77F7D3ED2BEB74AE006ED776 /* UseCaseProtocol.swift in Sources */ = {isa = PBXBuildFile; fileRef = 77F7D3EC2BEB74AE006ED776 /* UseCaseProtocol.swift */; };
		77F7D3EF2BEB7557006ED776 /* Performance.swift in Sources */ = {isa = PBXBuildFile; fileRef = 77F7D3EE2BEB7557006ED776 /* Performance.swift */; };
		77F7D3F12BEB757B006ED776 /* UseCase.swift in Sources */ = {isa = PBXBuildFile; fileRef = 77F7D3F02BEB757B006ED776 /* UseCase.swift */; };
		77F7D3F62BEB76F4006ED776 /* able.swift in Sources */ = {isa = PBXBuildFile; fileRef = 77F7D3F52BEB76F4006ED776 /* able.swift */; };
		77F7D3F82BEB77DB006ED776 /* String+.swift in Sources */ = {isa = PBXBuildFile; fileRef = 77F7D3F72BEB77DB006ED776 /* String+.swift */; };
		77F7D3FA2BEB77FD006ED776 /* Identifier.swift in Sources */ = {isa = PBXBuildFile; fileRef = 77F7D3F92BEB77FD006ED776 /* Identifier.swift */; };
		77F7D3FE2BEB7862006ED776 /* FlowCoordinator.swift in Sources */ = {isa = PBXBuildFile; fileRef = 77F7D3FD2BEB7862006ED776 /* FlowCoordinator.swift */; };
		77F7D4042BEB79C6006ED776 /* TableView.swift in Sources */ = {isa = PBXBuildFile; fileRef = 77F7D4032BEB79C6006ED776 /* TableView.swift */; };
		77F7D4072BEB79E5006ED776 /* TableViewCell.swift in Sources */ = {isa = PBXBuildFile; fileRef = 77F7D4062BEB79E5006ED776 /* TableViewCell.swift */; };
		77F7D4092BEB7A06006ED776 /* MainView.swift in Sources */ = {isa = PBXBuildFile; fileRef = 77F7D4082BEB7A06006ED776 /* MainView.swift */; };
		77F7D40B2BEB7A1F006ED776 /* MainViewModel.swift in Sources */ = {isa = PBXBuildFile; fileRef = 77F7D40A2BEB7A1F006ED776 /* MainViewModel.swift */; };
		77F7D40F2BEB7EB0006ED776 /* RepositoryProtocol.swift in Sources */ = {isa = PBXBuildFile; fileRef = 77F7D40E2BEB7EB0006ED776 /* RepositoryProtocol.swift */; };
		77F7D4142BEB7F23006ED776 /* Repository.swift in Sources */ = {isa = PBXBuildFile; fileRef = 77F7D4132BEB7F23006ED776 /* Repository.swift */; };
		77F7D4172BEB7F6C006ED776 /* APIEndpoints.swift in Sources */ = {isa = PBXBuildFile; fileRef = 77F7D4162BEB7F6C006ED776 /* APIEndpoints.swift */; };
		77F7D41A2BEB7F9E006ED776 /* PerformanceDTO.swift in Sources */ = {isa = PBXBuildFile; fileRef = 77F7D4192BEB7F9E006ED776 /* PerformanceDTO.swift */; };
		77F7D41D2BEB800E006ED776 /* NetworkService.swift in Sources */ = {isa = PBXBuildFile; fileRef = 77F7D41C2BEB800E006ED776 /* NetworkService.swift */; };
/* End PBXBuildFile section */

/* Begin PBXContainerItemProxy section */
		77E1F6FA2BE4E09F001A4D85 /* PBXContainerItemProxy */ = {
			isa = PBXContainerItemProxy;
			containerPortal = 77E1F6DB2BE4E09E001A4D85 /* Project object */;
			proxyType = 1;
			remoteGlobalIDString = 77E1F6E22BE4E09E001A4D85;
			remoteInfo = CA_Trial;
		};
		77E1F7042BE4E09F001A4D85 /* PBXContainerItemProxy */ = {
			isa = PBXContainerItemProxy;
			containerPortal = 77E1F6DB2BE4E09E001A4D85 /* Project object */;
			proxyType = 1;
			remoteGlobalIDString = 77E1F6E22BE4E09E001A4D85;
			remoteInfo = CA_Trial;
		};
/* End PBXContainerItemProxy section */

/* Begin PBXFileReference section */
		77E1F6E32BE4E09E001A4D85 /* CA_Trial.app */ = {isa = PBXFileReference; explicitFileType = wrapper.application; includeInIndex = 0; path = CA_Trial.app; sourceTree = BUILT_PRODUCTS_DIR; };
		77E1F6E62BE4E09E001A4D85 /* AppDelegate.swift */ = {isa = PBXFileReference; lastKnownFileType = sourcecode.swift; path = AppDelegate.swift; sourceTree = "<group>"; };
		77E1F6E82BE4E09E001A4D85 /* SceneDelegate.swift */ = {isa = PBXFileReference; lastKnownFileType = sourcecode.swift; path = SceneDelegate.swift; sourceTree = "<group>"; };
		77E1F6EA2BE4E09E001A4D85 /* MainViewController.swift */ = {isa = PBXFileReference; lastKnownFileType = sourcecode.swift; path = MainViewController.swift; sourceTree = "<group>"; };
		77E1F6EF2BE4E09F001A4D85 /* Assets.xcassets */ = {isa = PBXFileReference; lastKnownFileType = folder.assetcatalog; path = Assets.xcassets; sourceTree = "<group>"; };
		77E1F6F22BE4E09F001A4D85 /* Base */ = {isa = PBXFileReference; lastKnownFileType = file.storyboard; name = Base; path = Base.lproj/LaunchScreen.storyboard; sourceTree = "<group>"; };
		77E1F6F42BE4E09F001A4D85 /* Info.plist */ = {isa = PBXFileReference; lastKnownFileType = text.plist.xml; path = Info.plist; sourceTree = "<group>"; };
		77E1F6F92BE4E09F001A4D85 /* CA_TrialTests.xctest */ = {isa = PBXFileReference; explicitFileType = wrapper.cfbundle; includeInIndex = 0; path = CA_TrialTests.xctest; sourceTree = BUILT_PRODUCTS_DIR; };
		77E1F6FD2BE4E09F001A4D85 /* CA_TrialTests.swift */ = {isa = PBXFileReference; lastKnownFileType = sourcecode.swift; path = CA_TrialTests.swift; sourceTree = "<group>"; };
		77E1F7032BE4E09F001A4D85 /* CA_TrialUITests.xctest */ = {isa = PBXFileReference; explicitFileType = wrapper.cfbundle; includeInIndex = 0; path = CA_TrialUITests.xctest; sourceTree = BUILT_PRODUCTS_DIR; };
		77E1F7072BE4E09F001A4D85 /* CA_TrialUITests.swift */ = {isa = PBXFileReference; lastKnownFileType = sourcecode.swift; path = CA_TrialUITests.swift; sourceTree = "<group>"; };
		77E1F7092BE4E09F001A4D85 /* CA_TrialUITestsLaunchTests.swift */ = {isa = PBXFileReference; lastKnownFileType = sourcecode.swift; path = CA_TrialUITestsLaunchTests.swift; sourceTree = "<group>"; };
		77F7D3EC2BEB74AE006ED776 /* UseCaseProtocol.swift */ = {isa = PBXFileReference; lastKnownFileType = sourcecode.swift; path = UseCaseProtocol.swift; sourceTree = "<group>"; };
		77F7D3EE2BEB7557006ED776 /* Performance.swift */ = {isa = PBXFileReference; lastKnownFileType = sourcecode.swift; path = Performance.swift; sourceTree = "<group>"; };
		77F7D3F02BEB757B006ED776 /* UseCase.swift */ = {isa = PBXFileReference; lastKnownFileType = sourcecode.swift; path = UseCase.swift; sourceTree = "<group>"; };
		77F7D3F52BEB76F4006ED776 /* able.swift */ = {isa = PBXFileReference; lastKnownFileType = sourcecode.swift; path = able.swift; sourceTree = "<group>"; };
		77F7D3F72BEB77DB006ED776 /* String+.swift */ = {isa = PBXFileReference; lastKnownFileType = sourcecode.swift; path = "String+.swift"; sourceTree = "<group>"; };
		77F7D3F92BEB77FD006ED776 /* Identifier.swift */ = {isa = PBXFileReference; lastKnownFileType = sourcecode.swift; path = Identifier.swift; sourceTree = "<group>"; };
		77F7D3FD2BEB7862006ED776 /* FlowCoordinator.swift */ = {isa = PBXFileReference; lastKnownFileType = sourcecode.swift; path = FlowCoordinator.swift; sourceTree = "<group>"; };
		77F7D4032BEB79C6006ED776 /* TableView.swift */ = {isa = PBXFileReference; lastKnownFileType = sourcecode.swift; path = TableView.swift; sourceTree = "<group>"; };
		77F7D4062BEB79E5006ED776 /* TableViewCell.swift */ = {isa = PBXFileReference; lastKnownFileType = sourcecode.swift; path = TableViewCell.swift; sourceTree = "<group>"; };
		77F7D4082BEB7A06006ED776 /* MainView.swift */ = {isa = PBXFileReference; lastKnownFileType = sourcecode.swift; path = MainView.swift; sourceTree = "<group>"; };
		77F7D40A2BEB7A1F006ED776 /* MainViewModel.swift */ = {isa = PBXFileReference; lastKnownFileType = sourcecode.swift; path = MainViewModel.swift; sourceTree = "<group>"; };
		77F7D40E2BEB7EB0006ED776 /* RepositoryProtocol.swift */ = {isa = PBXFileReference; lastKnownFileType = sourcecode.swift; path = RepositoryProtocol.swift; sourceTree = "<group>"; };
		77F7D4132BEB7F23006ED776 /* Repository.swift */ = {isa = PBXFileReference; lastKnownFileType = sourcecode.swift; path = Repository.swift; sourceTree = "<group>"; };
		77F7D4162BEB7F6C006ED776 /* APIEndpoints.swift */ = {isa = PBXFileReference; lastKnownFileType = sourcecode.swift; path = APIEndpoints.swift; sourceTree = "<group>"; };
		77F7D4192BEB7F9E006ED776 /* PerformanceDTO.swift */ = {isa = PBXFileReference; lastKnownFileType = sourcecode.swift; path = PerformanceDTO.swift; sourceTree = "<group>"; };
		77F7D41C2BEB800E006ED776 /* NetworkService.swift */ = {isa = PBXFileReference; lastKnownFileType = sourcecode.swift; path = NetworkService.swift; sourceTree = "<group>"; };
/* End PBXFileReference section */

/* Begin PBXFrameworksBuildPhase section */
		77E1F6E02BE4E09E001A4D85 /* Frameworks */ = {
			isa = PBXFrameworksBuildPhase;
			buildActionMask = 2147483647;
			files = (
				77E1F7222BE4E2A2001A4D85 /* RxRelay in Frameworks */,
				77E1F7202BE4E2A2001A4D85 /* RxCocoa in Frameworks */,
				77E1F7242BE4E2A2001A4D85 /* RxSwift in Frameworks */,
				77E1F71D2BE4E28A001A4D85 /* SnapKit in Frameworks */,
			);
			runOnlyForDeploymentPostprocessing = 0;
		};
		77E1F6F62BE4E09F001A4D85 /* Frameworks */ = {
			isa = PBXFrameworksBuildPhase;
			buildActionMask = 2147483647;
			files = (
			);
			runOnlyForDeploymentPostprocessing = 0;
		};
		77E1F7002BE4E09F001A4D85 /* Frameworks */ = {
			isa = PBXFrameworksBuildPhase;
			buildActionMask = 2147483647;
			files = (
			);
			runOnlyForDeploymentPostprocessing = 0;
		};
/* End PBXFrameworksBuildPhase section */

/* Begin PBXGroup section */
		77E1F6DA2BE4E09E001A4D85 = {
			isa = PBXGroup;
			children = (
				77E1F6E52BE4E09E001A4D85 /* CA_Trial */,
				77E1F6FC2BE4E09F001A4D85 /* CA_TrialTests */,
				77E1F7062BE4E09F001A4D85 /* CA_TrialUITests */,
				77E1F6E42BE4E09E001A4D85 /* Products */,
			);
			sourceTree = "<group>";
		};
		77E1F6E42BE4E09E001A4D85 /* Products */ = {
			isa = PBXGroup;
			children = (
				77E1F6E32BE4E09E001A4D85 /* CA_Trial.app */,
				77E1F6F92BE4E09F001A4D85 /* CA_TrialTests.xctest */,
				77E1F7032BE4E09F001A4D85 /* CA_TrialUITests.xctest */,
			);
			name = Products;
			sourceTree = "<group>";
		};
		77E1F6E52BE4E09E001A4D85 /* CA_Trial */ = {
			isa = PBXGroup;
			children = (
				77E1F7162BE4E1B3001A4D85 /* Application */,
				77E1F7182BE4E1BF001A4D85 /* Presentation */,
				77E1F7172BE4E1B9001A4D85 /* Domain */,
				77E1F7192BE4E1C5001A4D85 /* Data */,
				77E1F71A2BE4E1C9001A4D85 /* Infrastructure */,
				77F7D41E2BEB804D006ED776 /* Resources */,
			);
			path = CA_Trial;
			sourceTree = "<group>";
		};
		77E1F6FC2BE4E09F001A4D85 /* CA_TrialTests */ = {
			isa = PBXGroup;
			children = (
				77E1F6FD2BE4E09F001A4D85 /* CA_TrialTests.swift */,
			);
			path = CA_TrialTests;
			sourceTree = "<group>";
		};
		77E1F7062BE4E09F001A4D85 /* CA_TrialUITests */ = {
			isa = PBXGroup;
			children = (
				77E1F7072BE4E09F001A4D85 /* CA_TrialUITests.swift */,
				77E1F7092BE4E09F001A4D85 /* CA_TrialUITestsLaunchTests.swift */,
			);
			path = CA_TrialUITests;
			sourceTree = "<group>";
		};
		77E1F7162BE4E1B3001A4D85 /* Application */ = {
			isa = PBXGroup;
			children = (
				77E1F6E62BE4E09E001A4D85 /* AppDelegate.swift */,
				77E1F6E82BE4E09E001A4D85 /* SceneDelegate.swift */,
			);
			path = Application;
			sourceTree = "<group>";
		};
		77E1F7172BE4E1B9001A4D85 /* Domain */ = {
			isa = PBXGroup;
			children = (
				77F7D3E92BEB7347006ED776 /* Entities */,
				77F7D3EA2BEB7357006ED776 /* UseCases */,
				77F7D40C2BEB7E78006ED776 /* Interfaces */,
			);
			path = Domain;
			sourceTree = "<group>";
		};
		77E1F7182BE4E1BF001A4D85 /* Presentation */ = {
			isa = PBXGroup;
			children = (
				77F7D3FB2BEB782F006ED776 /* Scene */,
				77F7D3F22BEB7676006ED776 /* Utils */,
			);
			path = Presentation;
			sourceTree = "<group>";
		};
		77E1F7192BE4E1C5001A4D85 /* Data */ = {
			isa = PBXGroup;
			children = (
				77F7D4122BEB7F07006ED776 /* Repositories */,
				77F7D4152BEB7F5A006ED776 /* Network */,
			);
			path = Data;
			sourceTree = "<group>";
		};
		77E1F71A2BE4E1C9001A4D85 /* Infrastructure */ = {
			isa = PBXGroup;
			children = (
				77F7D41B2BEB7FE9006ED776 /* Network */,
			);
			path = Infrastructure;
			sourceTree = "<group>";
		};
		77F7D3E92BEB7347006ED776 /* Entities */ = {
			isa = PBXGroup;
			children = (
				77F7D3EE2BEB7557006ED776 /* Performance.swift */,
			);
			path = Entities;
			sourceTree = "<group>";
		};
		77F7D3EA2BEB7357006ED776 /* UseCases */ = {
			isa = PBXGroup;
			children = (
				77F7D3F02BEB757B006ED776 /* UseCase.swift */,
				77F7D3EB2BEB73CE006ED776 /* Protocol */,
			);
			path = UseCases;
			sourceTree = "<group>";
		};
		77F7D3EB2BEB73CE006ED776 /* Protocol */ = {
			isa = PBXGroup;
			children = (
				77F7D3EC2BEB74AE006ED776 /* UseCaseProtocol.swift */,
			);
			path = Protocol;
			sourceTree = "<group>";
		};
		77F7D3F22BEB7676006ED776 /* Utils */ = {
			isa = PBXGroup;
			children = (
				77F7D3F92BEB77FD006ED776 /* Identifier.swift */,
				77F7D3F42BEB76B4006ED776 /* Protocols */,
				77F7D3F32BEB76A9006ED776 /* Extensions */,
			);
			path = Utils;
			sourceTree = "<group>";
		};
		77F7D3F32BEB76A9006ED776 /* Extensions */ = {
			isa = PBXGroup;
			children = (
				77F7D3F72BEB77DB006ED776 /* String+.swift */,
			);
			path = Extensions;
			sourceTree = "<group>";
		};
		77F7D3F42BEB76B4006ED776 /* Protocols */ = {
			isa = PBXGroup;
			children = (
				77F7D3F52BEB76F4006ED776 /* able.swift */,
			);
			path = Protocols;
			sourceTree = "<group>";
		};
		77F7D3FB2BEB782F006ED776 /* Scene */ = {
			isa = PBXGroup;
			children = (
				77F7D3FC2BEB783A006ED776 /* Flows */,
				77F7D3FF2BEB78D9006ED776 /* Main */,
			);
			path = Scene;
			sourceTree = "<group>";
		};
		77F7D3FC2BEB783A006ED776 /* Flows */ = {
			isa = PBXGroup;
			children = (
				77F7D3FD2BEB7862006ED776 /* FlowCoordinator.swift */,
			);
			path = Flows;
			sourceTree = "<group>";
		};
		77F7D3FF2BEB78D9006ED776 /* Main */ = {
			isa = PBXGroup;
			children = (
				77F7D4002BEB7996006ED776 /* ViewModel */,
				77F7D4012BEB79A5006ED776 /* View */,
			);
			path = Main;
			sourceTree = "<group>";
		};
		77F7D4002BEB7996006ED776 /* ViewModel */ = {
			isa = PBXGroup;
			children = (
				77F7D40A2BEB7A1F006ED776 /* MainViewModel.swift */,
			);
			path = ViewModel;
			sourceTree = "<group>";
		};
		77F7D4012BEB79A5006ED776 /* View */ = {
			isa = PBXGroup;
			children = (
				77E1F6EA2BE4E09E001A4D85 /* MainViewController.swift */,
				77F7D4082BEB7A06006ED776 /* MainView.swift */,
				77F7D4022BEB79B1006ED776 /* TaleView */,
			);
			path = View;
			sourceTree = "<group>";
		};
		77F7D4022BEB79B1006ED776 /* TaleView */ = {
			isa = PBXGroup;
			children = (
				77F7D4032BEB79C6006ED776 /* TableView.swift */,
				77F7D4052BEB79D7006ED776 /* Cells */,
			);
			path = TaleView;
			sourceTree = "<group>";
		};
		77F7D4052BEB79D7006ED776 /* Cells */ = {
			isa = PBXGroup;
			children = (
				77F7D4062BEB79E5006ED776 /* TableViewCell.swift */,
			);
			path = Cells;
			sourceTree = "<group>";
		};
		77F7D40C2BEB7E78006ED776 /* Interfaces */ = {
			isa = PBXGroup;
			children = (
				77F7D40D2BEB7E9D006ED776 /* Repositories */,
			);
			path = Interfaces;
			sourceTree = "<group>";
		};
		77F7D40D2BEB7E9D006ED776 /* Repositories */ = {
			isa = PBXGroup;
			children = (
				77F7D40E2BEB7EB0006ED776 /* RepositoryProtocol.swift */,
			);
			path = Repositories;
			sourceTree = "<group>";
		};
		77F7D4122BEB7F07006ED776 /* Repositories */ = {
			isa = PBXGroup;
			children = (
				77F7D4132BEB7F23006ED776 /* Repository.swift */,
			);
			path = Repositories;
			sourceTree = "<group>";
		};
		77F7D4152BEB7F5A006ED776 /* Network */ = {
			isa = PBXGroup;
			children = (
				77F7D4162BEB7F6C006ED776 /* APIEndpoints.swift */,
				77F7D4182BEB7F87006ED776 /* DataMapping */,
			);
			path = Network;
			sourceTree = "<group>";
		};
		77F7D4182BEB7F87006ED776 /* DataMapping */ = {
			isa = PBXGroup;
			children = (
				77F7D4192BEB7F9E006ED776 /* PerformanceDTO.swift */,
			);
			path = DataMapping;
			sourceTree = "<group>";
		};
		77F7D41B2BEB7FE9006ED776 /* Network */ = {
			isa = PBXGroup;
			children = (
				77F7D41C2BEB800E006ED776 /* NetworkService.swift */,
			);
			path = Network;
			sourceTree = "<group>";
		};
		77F7D41E2BEB804D006ED776 /* Resources */ = {
			isa = PBXGroup;
			children = (
				77E1F6F42BE4E09F001A4D85 /* Info.plist */,
				77E1F6EF2BE4E09F001A4D85 /* Assets.xcassets */,
				77E1F6F12BE4E09F001A4D85 /* LaunchScreen.storyboard */,
			);
			path = Resources;
			sourceTree = "<group>";
		};
/* End PBXGroup section */

/* Begin PBXNativeTarget section */
		77E1F6E22BE4E09E001A4D85 /* CA_Trial */ = {
			isa = PBXNativeTarget;
			buildConfigurationList = 77E1F70D2BE4E09F001A4D85 /* Build configuration list for PBXNativeTarget "CA_Trial" */;
			buildPhases = (
				77E1F6DF2BE4E09E001A4D85 /* Sources */,
				77E1F6E02BE4E09E001A4D85 /* Frameworks */,
				77E1F6E12BE4E09E001A4D85 /* Resources */,
			);
			buildRules = (
			);
			dependencies = (
			);
			name = CA_Trial;
			packageProductDependencies = (
				77E1F71C2BE4E28A001A4D85 /* SnapKit */,
				77E1F71F2BE4E2A2001A4D85 /* RxCocoa */,
				77E1F7212BE4E2A2001A4D85 /* RxRelay */,
				77E1F7232BE4E2A2001A4D85 /* RxSwift */,
			);
			productName = CA_Trial;
			productReference = 77E1F6E32BE4E09E001A4D85 /* CA_Trial.app */;
			productType = "com.apple.product-type.application";
		};
		77E1F6F82BE4E09F001A4D85 /* CA_TrialTests */ = {
			isa = PBXNativeTarget;
			buildConfigurationList = 77E1F7102BE4E09F001A4D85 /* Build configuration list for PBXNativeTarget "CA_TrialTests" */;
			buildPhases = (
				77E1F6F52BE4E09F001A4D85 /* Sources */,
				77E1F6F62BE4E09F001A4D85 /* Frameworks */,
				77E1F6F72BE4E09F001A4D85 /* Resources */,
			);
			buildRules = (
			);
			dependencies = (
				77E1F6FB2BE4E09F001A4D85 /* PBXTargetDependency */,
			);
			name = CA_TrialTests;
			productName = CA_TrialTests;
			productReference = 77E1F6F92BE4E09F001A4D85 /* CA_TrialTests.xctest */;
			productType = "com.apple.product-type.bundle.unit-test";
		};
		77E1F7022BE4E09F001A4D85 /* CA_TrialUITests */ = {
			isa = PBXNativeTarget;
			buildConfigurationList = 77E1F7132BE4E09F001A4D85 /* Build configuration list for PBXNativeTarget "CA_TrialUITests" */;
			buildPhases = (
				77E1F6FF2BE4E09F001A4D85 /* Sources */,
				77E1F7002BE4E09F001A4D85 /* Frameworks */,
				77E1F7012BE4E09F001A4D85 /* Resources */,
			);
			buildRules = (
			);
			dependencies = (
				77E1F7052BE4E09F001A4D85 /* PBXTargetDependency */,
			);
			name = CA_TrialUITests;
			productName = CA_TrialUITests;
			productReference = 77E1F7032BE4E09F001A4D85 /* CA_TrialUITests.xctest */;
			productType = "com.apple.product-type.bundle.ui-testing";
		};
/* End PBXNativeTarget section */

/* Begin PBXProject section */
		77E1F6DB2BE4E09E001A4D85 /* Project object */ = {
			isa = PBXProject;
			attributes = {
				BuildIndependentTargetsInParallel = 1;
				LastSwiftUpdateCheck = 1430;
				LastUpgradeCheck = 1430;
				TargetAttributes = {
					77E1F6E22BE4E09E001A4D85 = {
						CreatedOnToolsVersion = 14.3.1;
					};
					77E1F6F82BE4E09F001A4D85 = {
						CreatedOnToolsVersion = 14.3.1;
						TestTargetID = 77E1F6E22BE4E09E001A4D85;
					};
					77E1F7022BE4E09F001A4D85 = {
						CreatedOnToolsVersion = 14.3.1;
						TestTargetID = 77E1F6E22BE4E09E001A4D85;
					};
				};
			};
			buildConfigurationList = 77E1F6DE2BE4E09E001A4D85 /* Build configuration list for PBXProject "CA_Trial" */;
			compatibilityVersion = "Xcode 14.0";
			developmentRegion = en;
			hasScannedForEncodings = 0;
			knownRegions = (
				en,
				Base,
			);
			mainGroup = 77E1F6DA2BE4E09E001A4D85;
			packageReferences = (
				77E1F71B2BE4E28A001A4D85 /* XCRemoteSwiftPackageReference "SnapKit" */,
				77E1F71E2BE4E2A2001A4D85 /* XCRemoteSwiftPackageReference "RxSwift" */,
			);
			productRefGroup = 77E1F6E42BE4E09E001A4D85 /* Products */;
			projectDirPath = "";
			projectRoot = "";
			targets = (
				77E1F6E22BE4E09E001A4D85 /* CA_Trial */,
				77E1F6F82BE4E09F001A4D85 /* CA_TrialTests */,
				77E1F7022BE4E09F001A4D85 /* CA_TrialUITests */,
			);
		};
/* End PBXProject section */

/* Begin PBXResourcesBuildPhase section */
		77E1F6E12BE4E09E001A4D85 /* Resources */ = {
			isa = PBXResourcesBuildPhase;
			buildActionMask = 2147483647;
			files = (
				77E1F6F32BE4E09F001A4D85 /* LaunchScreen.storyboard in Resources */,
				77E1F6F02BE4E09F001A4D85 /* Assets.xcassets in Resources */,
			);
			runOnlyForDeploymentPostprocessing = 0;
		};
		77E1F6F72BE4E09F001A4D85 /* Resources */ = {
			isa = PBXResourcesBuildPhase;
			buildActionMask = 2147483647;
			files = (
			);
			runOnlyForDeploymentPostprocessing = 0;
		};
		77E1F7012BE4E09F001A4D85 /* Resources */ = {
			isa = PBXResourcesBuildPhase;
			buildActionMask = 2147483647;
			files = (
			);
			runOnlyForDeploymentPostprocessing = 0;
		};
/* End PBXResourcesBuildPhase section */

/* Begin PBXSourcesBuildPhase section */
		77E1F6DF2BE4E09E001A4D85 /* Sources */ = {
			isa = PBXSourcesBuildPhase;
			buildActionMask = 2147483647;
			files = (
				77F7D3EF2BEB7557006ED776 /* Performance.swift in Sources */,
				77F7D4092BEB7A06006ED776 /* MainView.swift in Sources */,
				77F7D3FA2BEB77FD006ED776 /* Identifier.swift in Sources */,
				77F7D41A2BEB7F9E006ED776 /* PerformanceDTO.swift in Sources */,
				77F7D3FE2BEB7862006ED776 /* FlowCoordinator.swift in Sources */,
				77E1F6EB2BE4E09E001A4D85 /* MainViewController.swift in Sources */,
				77F7D4172BEB7F6C006ED776 /* APIEndpoints.swift in Sources */,
				77F7D3F82BEB77DB006ED776 /* String+.swift in Sources */,
				77E1F6E72BE4E09E001A4D85 /* AppDelegate.swift in Sources */,
				77F7D40F2BEB7EB0006ED776 /* RepositoryProtocol.swift in Sources */,
				77F7D40B2BEB7A1F006ED776 /* MainViewModel.swift in Sources */,
				77F7D3F62BEB76F4006ED776 /* able.swift in Sources */,
				77F7D3F12BEB757B006ED776 /* UseCase.swift in Sources */,
				77F7D4142BEB7F23006ED776 /* Repository.swift in Sources */,
				77E1F6E92BE4E09E001A4D85 /* SceneDelegate.swift in Sources */,
				77F7D41D2BEB800E006ED776 /* NetworkService.swift in Sources */,
				77F7D4072BEB79E5006ED776 /* TableViewCell.swift in Sources */,
				77F7D4042BEB79C6006ED776 /* TableView.swift in Sources */,
				77F7D3ED2BEB74AE006ED776 /* UseCaseProtocol.swift in Sources */,
			);
			runOnlyForDeploymentPostprocessing = 0;
		};
		77E1F6F52BE4E09F001A4D85 /* Sources */ = {
			isa = PBXSourcesBuildPhase;
			buildActionMask = 2147483647;
			files = (
				77E1F6FE2BE4E09F001A4D85 /* CA_TrialTests.swift in Sources */,
			);
			runOnlyForDeploymentPostprocessing = 0;
		};
		77E1F6FF2BE4E09F001A4D85 /* Sources */ = {
			isa = PBXSourcesBuildPhase;
			buildActionMask = 2147483647;
			files = (
				77E1F70A2BE4E09F001A4D85 /* CA_TrialUITestsLaunchTests.swift in Sources */,
				77E1F7082BE4E09F001A4D85 /* CA_TrialUITests.swift in Sources */,
			);
			runOnlyForDeploymentPostprocessing = 0;
		};
/* End PBXSourcesBuildPhase section */

/* Begin PBXTargetDependency section */
		77E1F6FB2BE4E09F001A4D85 /* PBXTargetDependency */ = {
			isa = PBXTargetDependency;
			target = 77E1F6E22BE4E09E001A4D85 /* CA_Trial */;
			targetProxy = 77E1F6FA2BE4E09F001A4D85 /* PBXContainerItemProxy */;
		};
		77E1F7052BE4E09F001A4D85 /* PBXTargetDependency */ = {
			isa = PBXTargetDependency;
			target = 77E1F6E22BE4E09E001A4D85 /* CA_Trial */;
			targetProxy = 77E1F7042BE4E09F001A4D85 /* PBXContainerItemProxy */;
		};
/* End PBXTargetDependency section */

/* Begin PBXVariantGroup section */
		77E1F6F12BE4E09F001A4D85 /* LaunchScreen.storyboard */ = {
			isa = PBXVariantGroup;
			children = (
				77E1F6F22BE4E09F001A4D85 /* Base */,
			);
			name = LaunchScreen.storyboard;
			sourceTree = "<group>";
		};
/* End PBXVariantGroup section */

/* Begin XCBuildConfiguration section */
		77E1F70B2BE4E09F001A4D85 /* Debug */ = {
			isa = XCBuildConfiguration;
			buildSettings = {
				ALWAYS_SEARCH_USER_PATHS = NO;
				CLANG_ANALYZER_NONNULL = YES;
				CLANG_ANALYZER_NUMBER_OBJECT_CONVERSION = YES_AGGRESSIVE;
				CLANG_CXX_LANGUAGE_STANDARD = "gnu++20";
				CLANG_ENABLE_MODULES = YES;
				CLANG_ENABLE_OBJC_ARC = YES;
				CLANG_ENABLE_OBJC_WEAK = YES;
				CLANG_WARN_BLOCK_CAPTURE_AUTORELEASING = YES;
				CLANG_WARN_BOOL_CONVERSION = YES;
				CLANG_WARN_COMMA = YES;
				CLANG_WARN_CONSTANT_CONVERSION = YES;
				CLANG_WARN_DEPRECATED_OBJC_IMPLEMENTATIONS = YES;
				CLANG_WARN_DIRECT_OBJC_ISA_USAGE = YES_ERROR;
				CLANG_WARN_DOCUMENTATION_COMMENTS = YES;
				CLANG_WARN_EMPTY_BODY = YES;
				CLANG_WARN_ENUM_CONVERSION = YES;
				CLANG_WARN_INFINITE_RECURSION = YES;
				CLANG_WARN_INT_CONVERSION = YES;
				CLANG_WARN_NON_LITERAL_NULL_CONVERSION = YES;
				CLANG_WARN_OBJC_IMPLICIT_RETAIN_SELF = YES;
				CLANG_WARN_OBJC_LITERAL_CONVERSION = YES;
				CLANG_WARN_OBJC_ROOT_CLASS = YES_ERROR;
				CLANG_WARN_QUOTED_INCLUDE_IN_FRAMEWORK_HEADER = YES;
				CLANG_WARN_RANGE_LOOP_ANALYSIS = YES;
				CLANG_WARN_STRICT_PROTOTYPES = YES;
				CLANG_WARN_SUSPICIOUS_MOVE = YES;
				CLANG_WARN_UNGUARDED_AVAILABILITY = YES_AGGRESSIVE;
				CLANG_WARN_UNREACHABLE_CODE = YES;
				CLANG_WARN__DUPLICATE_METHOD_MATCH = YES;
				COPY_PHASE_STRIP = NO;
				DEBUG_INFORMATION_FORMAT = dwarf;
				ENABLE_STRICT_OBJC_MSGSEND = YES;
				ENABLE_TESTABILITY = YES;
				GCC_C_LANGUAGE_STANDARD = gnu11;
				GCC_DYNAMIC_NO_PIC = NO;
				GCC_NO_COMMON_BLOCKS = YES;
				GCC_OPTIMIZATION_LEVEL = 0;
				GCC_PREPROCESSOR_DEFINITIONS = (
					"DEBUG=1",
					"$(inherited)",
				);
				GCC_WARN_64_TO_32_BIT_CONVERSION = YES;
				GCC_WARN_ABOUT_RETURN_TYPE = YES_ERROR;
				GCC_WARN_UNDECLARED_SELECTOR = YES;
				GCC_WARN_UNINITIALIZED_AUTOS = YES_AGGRESSIVE;
				GCC_WARN_UNUSED_FUNCTION = YES;
				GCC_WARN_UNUSED_VARIABLE = YES;
				IPHONEOS_DEPLOYMENT_TARGET = 16.4;
				MTL_ENABLE_DEBUG_INFO = INCLUDE_SOURCE;
				MTL_FAST_MATH = YES;
				ONLY_ACTIVE_ARCH = YES;
				SDKROOT = iphoneos;
				SWIFT_ACTIVE_COMPILATION_CONDITIONS = DEBUG;
				SWIFT_OPTIMIZATION_LEVEL = "-Onone";
			};
			name = Debug;
		};
		77E1F70C2BE4E09F001A4D85 /* Release */ = {
			isa = XCBuildConfiguration;
			buildSettings = {
				ALWAYS_SEARCH_USER_PATHS = NO;
				CLANG_ANALYZER_NONNULL = YES;
				CLANG_ANALYZER_NUMBER_OBJECT_CONVERSION = YES_AGGRESSIVE;
				CLANG_CXX_LANGUAGE_STANDARD = "gnu++20";
				CLANG_ENABLE_MODULES = YES;
				CLANG_ENABLE_OBJC_ARC = YES;
				CLANG_ENABLE_OBJC_WEAK = YES;
				CLANG_WARN_BLOCK_CAPTURE_AUTORELEASING = YES;
				CLANG_WARN_BOOL_CONVERSION = YES;
				CLANG_WARN_COMMA = YES;
				CLANG_WARN_CONSTANT_CONVERSION = YES;
				CLANG_WARN_DEPRECATED_OBJC_IMPLEMENTATIONS = YES;
				CLANG_WARN_DIRECT_OBJC_ISA_USAGE = YES_ERROR;
				CLANG_WARN_DOCUMENTATION_COMMENTS = YES;
				CLANG_WARN_EMPTY_BODY = YES;
				CLANG_WARN_ENUM_CONVERSION = YES;
				CLANG_WARN_INFINITE_RECURSION = YES;
				CLANG_WARN_INT_CONVERSION = YES;
				CLANG_WARN_NON_LITERAL_NULL_CONVERSION = YES;
				CLANG_WARN_OBJC_IMPLICIT_RETAIN_SELF = YES;
				CLANG_WARN_OBJC_LITERAL_CONVERSION = YES;
				CLANG_WARN_OBJC_ROOT_CLASS = YES_ERROR;
				CLANG_WARN_QUOTED_INCLUDE_IN_FRAMEWORK_HEADER = YES;
				CLANG_WARN_RANGE_LOOP_ANALYSIS = YES;
				CLANG_WARN_STRICT_PROTOTYPES = YES;
				CLANG_WARN_SUSPICIOUS_MOVE = YES;
				CLANG_WARN_UNGUARDED_AVAILABILITY = YES_AGGRESSIVE;
				CLANG_WARN_UNREACHABLE_CODE = YES;
				CLANG_WARN__DUPLICATE_METHOD_MATCH = YES;
				COPY_PHASE_STRIP = NO;
				DEBUG_INFORMATION_FORMAT = "dwarf-with-dsym";
				ENABLE_NS_ASSERTIONS = NO;
				ENABLE_STRICT_OBJC_MSGSEND = YES;
				GCC_C_LANGUAGE_STANDARD = gnu11;
				GCC_NO_COMMON_BLOCKS = YES;
				GCC_WARN_64_TO_32_BIT_CONVERSION = YES;
				GCC_WARN_ABOUT_RETURN_TYPE = YES_ERROR;
				GCC_WARN_UNDECLARED_SELECTOR = YES;
				GCC_WARN_UNINITIALIZED_AUTOS = YES_AGGRESSIVE;
				GCC_WARN_UNUSED_FUNCTION = YES;
				GCC_WARN_UNUSED_VARIABLE = YES;
				IPHONEOS_DEPLOYMENT_TARGET = 16.4;
				MTL_ENABLE_DEBUG_INFO = NO;
				MTL_FAST_MATH = YES;
				SDKROOT = iphoneos;
				SWIFT_COMPILATION_MODE = wholemodule;
				SWIFT_OPTIMIZATION_LEVEL = "-O";
				VALIDATE_PRODUCT = YES;
			};
			name = Release;
		};
		77E1F70E2BE4E09F001A4D85 /* Debug */ = {
			isa = XCBuildConfiguration;
			buildSettings = {
				ASSETCATALOG_COMPILER_APPICON_NAME = AppIcon;
				ASSETCATALOG_COMPILER_GLOBAL_ACCENT_COLOR_NAME = AccentColor;
				CODE_SIGN_STYLE = Automatic;
				CURRENT_PROJECT_VERSION = 1;
				DEVELOPMENT_TEAM = USP329MK32;
				GENERATE_INFOPLIST_FILE = YES;
				INFOPLIST_FILE = CA_Trial/Resources/Info.plist;
				INFOPLIST_KEY_UIApplicationSupportsIndirectInputEvents = YES;
				INFOPLIST_KEY_UILaunchStoryboardName = LaunchScreen;
				INFOPLIST_KEY_UISupportedInterfaceOrientations_iPad = "UIInterfaceOrientationPortrait UIInterfaceOrientationPortraitUpsideDown UIInterfaceOrientationLandscapeLeft UIInterfaceOrientationLandscapeRight";
				INFOPLIST_KEY_UISupportedInterfaceOrientations_iPhone = "UIInterfaceOrientationPortrait UIInterfaceOrientationLandscapeLeft UIInterfaceOrientationLandscapeRight";
				IPHONEOS_DEPLOYMENT_TARGET = 16.0;
				LD_RUNPATH_SEARCH_PATHS = (
					"$(inherited)",
					"@executable_path/Frameworks",
				);
				MARKETING_VERSION = 1.0;
				PRODUCT_BUNDLE_IDENTIFIER = "pinocchio22.CA-Trial";
				PRODUCT_NAME = "$(TARGET_NAME)";
				SWIFT_EMIT_LOC_STRINGS = YES;
				SWIFT_VERSION = 5.0;
				TARGETED_DEVICE_FAMILY = "1,2";
			};
			name = Debug;
		};
		77E1F70F2BE4E09F001A4D85 /* Release */ = {
			isa = XCBuildConfiguration;
			buildSettings = {
				ASSETCATALOG_COMPILER_APPICON_NAME = AppIcon;
				ASSETCATALOG_COMPILER_GLOBAL_ACCENT_COLOR_NAME = AccentColor;
				CODE_SIGN_STYLE = Automatic;
				CURRENT_PROJECT_VERSION = 1;
				DEVELOPMENT_TEAM = USP329MK32;
				GENERATE_INFOPLIST_FILE = YES;
				INFOPLIST_FILE = CA_Trial/Resources/Info.plist;
				INFOPLIST_KEY_UIApplicationSupportsIndirectInputEvents = YES;
				INFOPLIST_KEY_UILaunchStoryboardName = LaunchScreen;
				INFOPLIST_KEY_UISupportedInterfaceOrientations_iPad = "UIInterfaceOrientationPortrait UIInterfaceOrientationPortraitUpsideDown UIInterfaceOrientationLandscapeLeft UIInterfaceOrientationLandscapeRight";
				INFOPLIST_KEY_UISupportedInterfaceOrientations_iPhone = "UIInterfaceOrientationPortrait UIInterfaceOrientationLandscapeLeft UIInterfaceOrientationLandscapeRight";
				IPHONEOS_DEPLOYMENT_TARGET = 16.0;
				LD_RUNPATH_SEARCH_PATHS = (
					"$(inherited)",
					"@executable_path/Frameworks",
				);
				MARKETING_VERSION = 1.0;
				PRODUCT_BUNDLE_IDENTIFIER = "pinocchio22.CA-Trial";
				PRODUCT_NAME = "$(TARGET_NAME)";
				SWIFT_EMIT_LOC_STRINGS = YES;
				SWIFT_VERSION = 5.0;
				TARGETED_DEVICE_FAMILY = "1,2";
			};
			name = Release;
		};
		77E1F7112BE4E09F001A4D85 /* Debug */ = {
			isa = XCBuildConfiguration;
			buildSettings = {
				ALWAYS_EMBED_SWIFT_STANDARD_LIBRARIES = YES;
				BUNDLE_LOADER = "$(TEST_HOST)";
				CODE_SIGN_STYLE = Automatic;
				CURRENT_PROJECT_VERSION = 1;
				DEVELOPMENT_TEAM = USP329MK32;
				GENERATE_INFOPLIST_FILE = YES;
				IPHONEOS_DEPLOYMENT_TARGET = 16.4;
				MARKETING_VERSION = 1.0;
				PRODUCT_BUNDLE_IDENTIFIER = "pinocchio22.CA-TrialTests";
				PRODUCT_NAME = "$(TARGET_NAME)";
				SWIFT_EMIT_LOC_STRINGS = NO;
				SWIFT_VERSION = 5.0;
				TARGETED_DEVICE_FAMILY = "1,2";
				TEST_HOST = "$(BUILT_PRODUCTS_DIR)/CA_Trial.app/$(BUNDLE_EXECUTABLE_FOLDER_PATH)/CA_Trial";
			};
			name = Debug;
		};
		77E1F7122BE4E09F001A4D85 /* Release */ = {
			isa = XCBuildConfiguration;
			buildSettings = {
				ALWAYS_EMBED_SWIFT_STANDARD_LIBRARIES = YES;
				BUNDLE_LOADER = "$(TEST_HOST)";
				CODE_SIGN_STYLE = Automatic;
				CURRENT_PROJECT_VERSION = 1;
				DEVELOPMENT_TEAM = USP329MK32;
				GENERATE_INFOPLIST_FILE = YES;
				IPHONEOS_DEPLOYMENT_TARGET = 16.4;
				MARKETING_VERSION = 1.0;
				PRODUCT_BUNDLE_IDENTIFIER = "pinocchio22.CA-TrialTests";
				PRODUCT_NAME = "$(TARGET_NAME)";
				SWIFT_EMIT_LOC_STRINGS = NO;
				SWIFT_VERSION = 5.0;
				TARGETED_DEVICE_FAMILY = "1,2";
				TEST_HOST = "$(BUILT_PRODUCTS_DIR)/CA_Trial.app/$(BUNDLE_EXECUTABLE_FOLDER_PATH)/CA_Trial";
			};
			name = Release;
		};
		77E1F7142BE4E09F001A4D85 /* Debug */ = {
			isa = XCBuildConfiguration;
			buildSettings = {
				ALWAYS_EMBED_SWIFT_STANDARD_LIBRARIES = YES;
				CODE_SIGN_STYLE = Automatic;
				CURRENT_PROJECT_VERSION = 1;
				DEVELOPMENT_TEAM = USP329MK32;
				GENERATE_INFOPLIST_FILE = YES;
				MARKETING_VERSION = 1.0;
				PRODUCT_BUNDLE_IDENTIFIER = "pinocchio22.CA-TrialUITests";
				PRODUCT_NAME = "$(TARGET_NAME)";
				SWIFT_EMIT_LOC_STRINGS = NO;
				SWIFT_VERSION = 5.0;
				TARGETED_DEVICE_FAMILY = "1,2";
				TEST_TARGET_NAME = CA_Trial;
			};
			name = Debug;
		};
		77E1F7152BE4E09F001A4D85 /* Release */ = {
			isa = XCBuildConfiguration;
			buildSettings = {
				ALWAYS_EMBED_SWIFT_STANDARD_LIBRARIES = YES;
				CODE_SIGN_STYLE = Automatic;
				CURRENT_PROJECT_VERSION = 1;
				DEVELOPMENT_TEAM = USP329MK32;
				GENERATE_INFOPLIST_FILE = YES;
				MARKETING_VERSION = 1.0;
				PRODUCT_BUNDLE_IDENTIFIER = "pinocchio22.CA-TrialUITests";
				PRODUCT_NAME = "$(TARGET_NAME)";
				SWIFT_EMIT_LOC_STRINGS = NO;
				SWIFT_VERSION = 5.0;
				TARGETED_DEVICE_FAMILY = "1,2";
				TEST_TARGET_NAME = CA_Trial;
			};
			name = Release;
		};
/* End XCBuildConfiguration section */

/* Begin XCConfigurationList section */
		77E1F6DE2BE4E09E001A4D85 /* Build configuration list for PBXProject "CA_Trial" */ = {
			isa = XCConfigurationList;
			buildConfigurations = (
				77E1F70B2BE4E09F001A4D85 /* Debug */,
				77E1F70C2BE4E09F001A4D85 /* Release */,
			);
			defaultConfigurationIsVisible = 0;
			defaultConfigurationName = Release;
		};
		77E1F70D2BE4E09F001A4D85 /* Build configuration list for PBXNativeTarget "CA_Trial" */ = {
			isa = XCConfigurationList;
			buildConfigurations = (
				77E1F70E2BE4E09F001A4D85 /* Debug */,
				77E1F70F2BE4E09F001A4D85 /* Release */,
			);
			defaultConfigurationIsVisible = 0;
			defaultConfigurationName = Release;
		};
		77E1F7102BE4E09F001A4D85 /* Build configuration list for PBXNativeTarget "CA_TrialTests" */ = {
			isa = XCConfigurationList;
			buildConfigurations = (
				77E1F7112BE4E09F001A4D85 /* Debug */,
				77E1F7122BE4E09F001A4D85 /* Release */,
			);
			defaultConfigurationIsVisible = 0;
			defaultConfigurationName = Release;
		};
		77E1F7132BE4E09F001A4D85 /* Build configuration list for PBXNativeTarget "CA_TrialUITests" */ = {
			isa = XCConfigurationList;
			buildConfigurations = (
				77E1F7142BE4E09F001A4D85 /* Debug */,
				77E1F7152BE4E09F001A4D85 /* Release */,
			);
			defaultConfigurationIsVisible = 0;
			defaultConfigurationName = Release;
		};
/* End XCConfigurationList section */

/* Begin XCRemoteSwiftPackageReference section */
		77E1F71B2BE4E28A001A4D85 /* XCRemoteSwiftPackageReference "SnapKit" */ = {
			isa = XCRemoteSwiftPackageReference;
			repositoryURL = "https://github.com/SnapKit/SnapKit";
			requirement = {
				kind = upToNextMajorVersion;
				minimumVersion = 5.0.0;
			};
		};
		77E1F71E2BE4E2A2001A4D85 /* XCRemoteSwiftPackageReference "RxSwift" */ = {
			isa = XCRemoteSwiftPackageReference;
			repositoryURL = "https://github.com/ReactiveX/RxSwift.git";
			requirement = {
				kind = upToNextMajorVersion;
				minimumVersion = 6.0.0;
			};
		};
/* End XCRemoteSwiftPackageReference section */

/* Begin XCSwiftPackageProductDependency section */
		77E1F71C2BE4E28A001A4D85 /* SnapKit */ = {
			isa = XCSwiftPackageProductDependency;
			package = 77E1F71B2BE4E28A001A4D85 /* XCRemoteSwiftPackageReference "SnapKit" */;
			productName = SnapKit;
		};
		77E1F71F2BE4E2A2001A4D85 /* RxCocoa */ = {
			isa = XCSwiftPackageProductDependency;
			package = 77E1F71E2BE4E2A2001A4D85 /* XCRemoteSwiftPackageReference "RxSwift" */;
			productName = RxCocoa;
		};
		77E1F7212BE4E2A2001A4D85 /* RxRelay */ = {
			isa = XCSwiftPackageProductDependency;
			package = 77E1F71E2BE4E2A2001A4D85 /* XCRemoteSwiftPackageReference "RxSwift" */;
			productName = RxRelay;
		};
		77E1F7232BE4E2A2001A4D85 /* RxSwift */ = {
			isa = XCSwiftPackageProductDependency;
			package = 77E1F71E2BE4E2A2001A4D85 /* XCRemoteSwiftPackageReference "RxSwift" */;
			productName = RxSwift;
		};
/* End XCSwiftPackageProductDependency section */
	};
	rootObject = 77E1F6DB2BE4E09E001A4D85 /* Project object */;
}
